// !$*UTF8*$!
{
	archiveVersion = 1;
	classes = {
	};
	objectVersion = 42;
	objects = {

/* Begin PBXBuildFile section */
		965D8D6009CE6C740082316D /* SignalTranslator.h in Headers */ = {isa = PBXBuildFile; fileRef = 969AA99709C6AC4C00BE21EF /* SignalTranslator.h */; settings = {ATTRIBUTES = (Public, ); }; };
		965D8D6209CE6C740082316D /* AssertException.h in Headers */ = {isa = PBXBuildFile; fileRef = 969AA8AB09C6A76100BE21EF /* AssertException.h */; settings = {ATTRIBUTES = (Public, ); }; };
		965D8D6309CE6C740082316D /* BuildFailureString.h in Headers */ = {isa = PBXBuildFile; fileRef = 969AA8AC09C6A76100BE21EF /* BuildFailureString.h */; settings = {ATTRIBUTES = (Public, ); }; };
		965D8D6409CE6C740082316D /* CheckMacros.h in Headers */ = {isa = PBXBuildFile; fileRef = 969AA8AD09C6A76100BE21EF /* CheckMacros.h */; settings = {ATTRIBUTES = (Public, ); }; };
		965D8D6509CE6C740082316D /* Checks.h in Headers */ = {isa = PBXBuildFile; fileRef = 969AA8AE09C6A76100BE21EF /* Checks.h */; settings = {ATTRIBUTES = (Public, ); }; };
		965D8D6609CE6C740082316D /* Config.h in Headers */ = {isa = PBXBuildFile; fileRef = 969AA8AF09C6A76100BE21EF /* Config.h */; settings = {ATTRIBUTES = (Public, ); }; };
		965D8D6709CE6C740082316D /* ReportAssert.h in Headers */ = {isa = PBXBuildFile; fileRef = 969AA8B109C6A76100BE21EF /* ReportAssert.h */; settings = {ATTRIBUTES = (Public, ); }; };
		965D8D6809CE6C740082316D /* Test.h in Headers */ = {isa = PBXBuildFile; fileRef = 969AA8B309C6A76100BE21EF /* Test.h */; settings = {ATTRIBUTES = (Public, ); }; };
		965D8D6909CE6C740082316D /* TestList.h in Headers */ = {isa = PBXBuildFile; fileRef = 969AA8B509C6A76100BE21EF /* TestList.h */; settings = {ATTRIBUTES = (Public, ); }; };
		965D8D6A09CE6C740082316D /* TestMacros.h in Headers */ = {isa = PBXBuildFile; fileRef = 969AA8B609C6A76100BE21EF /* TestMacros.h */; settings = {ATTRIBUTES = (Public, ); }; };
		965D8D6B09CE6C740082316D /* TestReporter.h in Headers */ = {isa = PBXBuildFile; fileRef = 969AA8B809C6A76100BE21EF /* TestReporter.h */; settings = {ATTRIBUTES = (Public, ); }; };
		965D8D6C09CE6C740082316D /* TestReporterStdout.h in Headers */ = {isa = PBXBuildFile; fileRef = 969AA8BA09C6A76100BE21EF /* TestReporterStdout.h */; settings = {ATTRIBUTES = (Public, ); }; };
		965D8D6D09CE6C740082316D /* TestResults.h in Headers */ = {isa = PBXBuildFile; fileRef = 969AA8BC09C6A76100BE21EF /* TestResults.h */; settings = {ATTRIBUTES = (Public, ); }; };
		965D8D6E09CE6C740082316D /* TestRunner.h in Headers */ = {isa = PBXBuildFile; fileRef = 969AA8BE09C6A76100BE21EF /* TestRunner.h */; settings = {ATTRIBUTES = (Public, ); }; };
		965D8D6F09CE6C740082316D /* TimeHelpers.h in Headers */ = {isa = PBXBuildFile; fileRef = 969AA8CB09C6A76100BE21EF /* TimeHelpers.h */; settings = {ATTRIBUTES = (Public, ); }; };
		965D8D7009CE6C740082316D /* UnitTest++.h in Headers */ = {isa = PBXBuildFile; fileRef = 969AA8CC09C6A76100BE21EF /* UnitTest++.h */; settings = {ATTRIBUTES = (Public, ); }; };
		965D8D7109CE6C8A0082316D /* SignalTranslator.cpp in Sources */ = {isa = PBXBuildFile; fileRef = 969AA99609C6AC4C00BE21EF /* SignalTranslator.cpp */; };
		965D8D7209CE6C8A0082316D /* TimeHelpers.cpp in Sources */ = {isa = PBXBuildFile; fileRef = 969AA97309C6AB7300BE21EF /* TimeHelpers.cpp */; };
		965D8D7309CE6C8A0082316D /* AssertException.cpp in Sources */ = {isa = PBXBuildFile; fileRef = 969AA8AA09C6A76100BE21EF /* AssertException.cpp */; };
		965D8D7409CE6C8A0082316D /* ReportAssert.cpp in Sources */ = {isa = PBXBuildFile; fileRef = 969AA8B009C6A76100BE21EF /* ReportAssert.cpp */; };
		965D8D7509CE6C8A0082316D /* Test.cpp in Sources */ = {isa = PBXBuildFile; fileRef = 969AA8B209C6A76100BE21EF /* Test.cpp */; };
		965D8D7609CE6C8A0082316D /* TestList.cpp in Sources */ = {isa = PBXBuildFile; fileRef = 969AA8B409C6A76100BE21EF /* TestList.cpp */; };
		965D8D7709CE6C8A0082316D /* TestReporter.cpp in Sources */ = {isa = PBXBuildFile; fileRef = 969AA8B709C6A76100BE21EF /* TestReporter.cpp */; };
		965D8D7809CE6C8A0082316D /* TestReporterStdout.cpp in Sources */ = {isa = PBXBuildFile; fileRef = 969AA8B909C6A76100BE21EF /* TestReporterStdout.cpp */; };
		965D8D7909CE6C8A0082316D /* TestResults.cpp in Sources */ = {isa = PBXBuildFile; fileRef = 969AA8BB09C6A76100BE21EF /* TestResults.cpp */; };
		965D8D7A09CE6C8A0082316D /* TestRunner.cpp in Sources */ = {isa = PBXBuildFile; fileRef = 969AA8BD09C6A76100BE21EF /* TestRunner.cpp */; };
		969AA8CD09C6A76200BE21EF /* AssertException.cpp in Sources */ = {isa = PBXBuildFile; fileRef = 969AA8AA09C6A76100BE21EF /* AssertException.cpp */; };
		969AA8CE09C6A76200BE21EF /* AssertException.h in Headers */ = {isa = PBXBuildFile; fileRef = 969AA8AB09C6A76100BE21EF /* AssertException.h */; };
		969AA8CF09C6A76200BE21EF /* BuildFailureString.h in Headers */ = {isa = PBXBuildFile; fileRef = 969AA8AC09C6A76100BE21EF /* BuildFailureString.h */; };
		969AA8D009C6A76200BE21EF /* CheckMacros.h in Headers */ = {isa = PBXBuildFile; fileRef = 969AA8AD09C6A76100BE21EF /* CheckMacros.h */; };
		969AA8D109C6A76200BE21EF /* Checks.h in Headers */ = {isa = PBXBuildFile; fileRef = 969AA8AE09C6A76100BE21EF /* Checks.h */; };
		969AA8D209C6A76200BE21EF /* Config.h in Headers */ = {isa = PBXBuildFile; fileRef = 969AA8AF09C6A76100BE21EF /* Config.h */; };
		969AA8D309C6A76200BE21EF /* ReportAssert.cpp in Sources */ = {isa = PBXBuildFile; fileRef = 969AA8B009C6A76100BE21EF /* ReportAssert.cpp */; };
		969AA8D409C6A76200BE21EF /* ReportAssert.h in Headers */ = {isa = PBXBuildFile; fileRef = 969AA8B109C6A76100BE21EF /* ReportAssert.h */; };
		969AA8D509C6A76200BE21EF /* Test.cpp in Sources */ = {isa = PBXBuildFile; fileRef = 969AA8B209C6A76100BE21EF /* Test.cpp */; };
		969AA8D609C6A76200BE21EF /* Test.h in Headers */ = {isa = PBXBuildFile; fileRef = 969AA8B309C6A76100BE21EF /* Test.h */; };
		969AA8D709C6A76200BE21EF /* TestList.cpp in Sources */ = {isa = PBXBuildFile; fileRef = 969AA8B409C6A76100BE21EF /* TestList.cpp */; };
		969AA8D809C6A76200BE21EF /* TestList.h in Headers */ = {isa = PBXBuildFile; fileRef = 969AA8B509C6A76100BE21EF /* TestList.h */; };
		969AA8D909C6A76200BE21EF /* TestMacros.h in Headers */ = {isa = PBXBuildFile; fileRef = 969AA8B609C6A76100BE21EF /* TestMacros.h */; };
		969AA8DA09C6A76200BE21EF /* TestReporter.cpp in Sources */ = {isa = PBXBuildFile; fileRef = 969AA8B709C6A76100BE21EF /* TestReporter.cpp */; };
		969AA8DB09C6A76200BE21EF /* TestReporter.h in Headers */ = {isa = PBXBuildFile; fileRef = 969AA8B809C6A76100BE21EF /* TestReporter.h */; };
		969AA8DC09C6A76200BE21EF /* TestReporterStdout.cpp in Sources */ = {isa = PBXBuildFile; fileRef = 969AA8B909C6A76100BE21EF /* TestReporterStdout.cpp */; };
		969AA8DD09C6A76200BE21EF /* TestReporterStdout.h in Headers */ = {isa = PBXBuildFile; fileRef = 969AA8BA09C6A76100BE21EF /* TestReporterStdout.h */; };
		969AA8DE09C6A76200BE21EF /* TestResults.cpp in Sources */ = {isa = PBXBuildFile; fileRef = 969AA8BB09C6A76100BE21EF /* TestResults.cpp */; };
		969AA8DF09C6A76200BE21EF /* TestResults.h in Headers */ = {isa = PBXBuildFile; fileRef = 969AA8BC09C6A76100BE21EF /* TestResults.h */; };
		969AA8E009C6A76200BE21EF /* TestRunner.cpp in Sources */ = {isa = PBXBuildFile; fileRef = 969AA8BD09C6A76100BE21EF /* TestRunner.cpp */; };
		969AA8E109C6A76200BE21EF /* TestRunner.h in Headers */ = {isa = PBXBuildFile; fileRef = 969AA8BE09C6A76100BE21EF /* TestRunner.h */; };
		969AA8E309C6A76200BE21EF /* RecordingReporter.h in Headers */ = {isa = PBXBuildFile; fileRef = 969AA8C109C6A76100BE21EF /* RecordingReporter.h */; };
		969AA8ED09C6A76200BE21EF /* TimeHelpers.h in Headers */ = {isa = PBXBuildFile; fileRef = 969AA8CB09C6A76100BE21EF /* TimeHelpers.h */; };
		969AA8EE09C6A76200BE21EF /* UnitTest++.h in Headers */ = {isa = PBXBuildFile; fileRef = 969AA8CC09C6A76100BE21EF /* UnitTest++.h */; };
		969AA90009C6A7CA00BE21EF /* Main.cpp in Sources */ = {isa = PBXBuildFile; fileRef = 969AA8C009C6A76100BE21EF /* Main.cpp */; };
		969AA90209C6A7CA00BE21EF /* TestAssertHandler.cpp in Sources */ = {isa = PBXBuildFile; fileRef = 969AA8C209C6A76100BE21EF /* TestAssertHandler.cpp */; };
		969AA90309C6A7CA00BE21EF /* TestCheckMacros.cpp in Sources */ = {isa = PBXBuildFile; fileRef = 969AA8C309C6A76100BE21EF /* TestCheckMacros.cpp */; };
		969AA90409C6A7CA00BE21EF /* TestChecks.cpp in Sources */ = {isa = PBXBuildFile; fileRef = 969AA8C409C6A76100BE21EF /* TestChecks.cpp */; };
		969AA90509C6A7CA00BE21EF /* TestTest.cpp in Sources */ = {isa = PBXBuildFile; fileRef = 969AA8C509C6A76100BE21EF /* TestTest.cpp */; };
		969AA90609C6A7CA00BE21EF /* TestTestList.cpp in Sources */ = {isa = PBXBuildFile; fileRef = 969AA8C609C6A76100BE21EF /* TestTestList.cpp */; };
		969AA90709C6A7CA00BE21EF /* TestTestMacros.cpp in Sources */ = {isa = PBXBuildFile; fileRef = 969AA8C709C6A76100BE21EF /* TestTestMacros.cpp */; };
		969AA90809C6A7CA00BE21EF /* TestTestResults.cpp in Sources */ = {isa = PBXBuildFile; fileRef = 969AA8C809C6A76100BE21EF /* TestTestResults.cpp */; };
		969AA90909C6A7CA00BE21EF /* TestTestRunner.cpp in Sources */ = {isa = PBXBuildFile; fileRef = 969AA8C909C6A76100BE21EF /* TestTestRunner.cpp */; };
		969AA90A09C6A7CA00BE21EF /* TestUnitTestCpp.cpp in Sources */ = {isa = PBXBuildFile; fileRef = 969AA8CA09C6A76100BE21EF /* TestUnitTestCpp.cpp */; };
		969AA90B09C6A7E900BE21EF /* libUnitTest++.a in Frameworks */ = {isa = PBXBuildFile; fileRef = D2AAC046055464E500DB518D /* libUnitTest++.a */; };
		969AA97509C6AB7300BE21EF /* TimeHelpers.cpp in Sources */ = {isa = PBXBuildFile; fileRef = 969AA97309C6AB7300BE21EF /* TimeHelpers.cpp */; };
		969AA97609C6AB7300BE21EF /* TimeHelpers.h in Headers */ = {isa = PBXBuildFile; fileRef = 969AA97409C6AB7300BE21EF /* TimeHelpers.h */; };
		969AA99809C6AC4C00BE21EF /* SignalTranslator.cpp in Sources */ = {isa = PBXBuildFile; fileRef = 969AA99609C6AC4C00BE21EF /* SignalTranslator.cpp */; };
		969AA99909C6AC4C00BE21EF /* SignalTranslator.h in Headers */ = {isa = PBXBuildFile; fileRef = 969AA99709C6AC4C00BE21EF /* SignalTranslator.h */; };
/* End PBXBuildFile section */

/* Begin PBXBuildStyle section */
		014CEA520018CE5811CA2923 /* Debug */ = {
			isa = PBXBuildStyle;
			buildSettings = {
				COPY_PHASE_STRIP = NO;
				GCC_DYNAMIC_NO_PIC = NO;
				GCC_ENABLE_FIX_AND_CONTINUE = YES;
				GCC_GENERATE_DEBUGGING_SYMBOLS = YES;
				GCC_OPTIMIZATION_LEVEL = 0;
				ZERO_LINK = YES;
			};
			name = Debug;
		};
		014CEA530018CE5811CA2923 /* Release */ = {
			isa = PBXBuildStyle;
			buildSettings = {
				COPY_PHASE_STRIP = YES;
				GCC_ENABLE_FIX_AND_CONTINUE = NO;
				ZERO_LINK = NO;
			};
			name = Release;
		};
/* End PBXBuildStyle section */

/* Begin PBXContainerItemProxy section */
		969AA94E09C6A9EF00BE21EF /* PBXContainerItemProxy */ = {
			isa = PBXContainerItemProxy;
			containerPortal = 08FB7793FE84155DC02AAC07 /* Project object */;
			proxyType = 1;
			remoteGlobalIDString = D2AAC045055464E500DB518D;
			remoteInfo = "UnitTest++";
		};
/* End PBXContainerItemProxy section */

/* Begin PBXFileReference section */
		965D8D5A09CE6C580082316D /* UnitTest++.framework */ = {isa = PBXFileReference; explicitFileType = wrapper.framework; includeInIndex = 0; path = "UnitTest++.framework"; sourceTree = BUILT_PRODUCTS_DIR; };
		965D8D5B09CE6C580082316D /* UnitTest++-Info.plist */ = {isa = PBXFileReference; lastKnownFileType = text.xml; path = "UnitTest++-Info.plist"; sourceTree = "<group>"; };
		969AA8AA09C6A76100BE21EF /* AssertException.cpp */ = {isa = PBXFileReference; fileEncoding = 30; lastKnownFileType = sourcecode.cpp.cpp; name = AssertException.cpp; path = src/AssertException.cpp; sourceTree = "<group>"; };
		969AA8AB09C6A76100BE21EF /* AssertException.h */ = {isa = PBXFileReference; fileEncoding = 30; lastKnownFileType = sourcecode.c.h; name = AssertException.h; path = src/AssertException.h; sourceTree = "<group>"; };
		969AA8AC09C6A76100BE21EF /* BuildFailureString.h */ = {isa = PBXFileReference; fileEncoding = 30; lastKnownFileType = sourcecode.c.h; name = BuildFailureString.h; path = src/BuildFailureString.h; sourceTree = "<group>"; };
		969AA8AD09C6A76100BE21EF /* CheckMacros.h */ = {isa = PBXFileReference; fileEncoding = 30; lastKnownFileType = sourcecode.c.h; name = CheckMacros.h; path = src/CheckMacros.h; sourceTree = "<group>"; };
		969AA8AE09C6A76100BE21EF /* Checks.h */ = {isa = PBXFileReference; fileEncoding = 30; lastKnownFileType = sourcecode.c.h; name = Checks.h; path = src/Checks.h; sourceTree = "<group>"; };
		969AA8AF09C6A76100BE21EF /* Config.h */ = {isa = PBXFileReference; fileEncoding = 30; lastKnownFileType = sourcecode.c.h; name = Config.h; path = src/Config.h; sourceTree = "<group>"; };
		969AA8B009C6A76100BE21EF /* ReportAssert.cpp */ = {isa = PBXFileReference; fileEncoding = 30; lastKnownFileType = sourcecode.cpp.cpp; name = ReportAssert.cpp; path = src/ReportAssert.cpp; sourceTree = "<group>"; };
		969AA8B109C6A76100BE21EF /* ReportAssert.h */ = {isa = PBXFileReference; fileEncoding = 30; lastKnownFileType = sourcecode.c.h; name = ReportAssert.h; path = src/ReportAssert.h; sourceTree = "<group>"; };
		969AA8B209C6A76100BE21EF /* Test.cpp */ = {isa = PBXFileReference; fileEncoding = 30; lastKnownFileType = sourcecode.cpp.cpp; name = Test.cpp; path = src/Test.cpp; sourceTree = "<group>"; };
		969AA8B309C6A76100BE21EF /* Test.h */ = {isa = PBXFileReference; fileEncoding = 30; lastKnownFileType = sourcecode.c.h; name = Test.h; path = src/Test.h; sourceTree = "<group>"; };
		969AA8B409C6A76100BE21EF /* TestList.cpp */ = {isa = PBXFileReference; fileEncoding = 30; lastKnownFileType = sourcecode.cpp.cpp; name = TestList.cpp; path = src/TestList.cpp; sourceTree = "<group>"; };
		969AA8B509C6A76100BE21EF /* TestList.h */ = {isa = PBXFileReference; fileEncoding = 30; lastKnownFileType = sourcecode.c.h; name = TestList.h; path = src/TestList.h; sourceTree = "<group>"; };
		969AA8B609C6A76100BE21EF /* TestMacros.h */ = {isa = PBXFileReference; fileEncoding = 30; lastKnownFileType = sourcecode.c.h; name = TestMacros.h; path = src/TestMacros.h; sourceTree = "<group>"; };
		969AA8B709C6A76100BE21EF /* TestReporter.cpp */ = {isa = PBXFileReference; fileEncoding = 30; lastKnownFileType = sourcecode.cpp.cpp; name = TestReporter.cpp; path = src/TestReporter.cpp; sourceTree = "<group>"; };
		969AA8B809C6A76100BE21EF /* TestReporter.h */ = {isa = PBXFileReference; fileEncoding = 30; lastKnownFileType = sourcecode.c.h; name = TestReporter.h; path = src/TestReporter.h; sourceTree = "<group>"; };
		969AA8B909C6A76100BE21EF /* TestReporterStdout.cpp */ = {isa = PBXFileReference; fileEncoding = 30; lastKnownFileType = sourcecode.cpp.cpp; name = TestReporterStdout.cpp; path = src/TestReporterStdout.cpp; sourceTree = "<group>"; };
		969AA8BA09C6A76100BE21EF /* TestReporterStdout.h */ = {isa = PBXFileReference; fileEncoding = 30; lastKnownFileType = sourcecode.c.h; name = TestReporterStdout.h; path = src/TestReporterStdout.h; sourceTree = "<group>"; };
		969AA8BB09C6A76100BE21EF /* TestResults.cpp */ = {isa = PBXFileReference; fileEncoding = 30; lastKnownFileType = sourcecode.cpp.cpp; name = TestResults.cpp; path = src/TestResults.cpp; sourceTree = "<group>"; };
		969AA8BC09C6A76100BE21EF /* TestResults.h */ = {isa = PBXFileReference; fileEncoding = 30; lastKnownFileType = sourcecode.c.h; name = TestResults.h; path = src/TestResults.h; sourceTree = "<group>"; };
		969AA8BD09C6A76100BE21EF /* TestRunner.cpp */ = {isa = PBXFileReference; fileEncoding = 30; lastKnownFileType = sourcecode.cpp.cpp; name = TestRunner.cpp; path = src/TestRunner.cpp; sourceTree = "<group>"; };
		969AA8BE09C6A76100BE21EF /* TestRunner.h */ = {isa = PBXFileReference; fileEncoding = 30; lastKnownFileType = sourcecode.c.h; name = TestRunner.h; path = src/TestRunner.h; sourceTree = "<group>"; };
		969AA8C009C6A76100BE21EF /* Main.cpp */ = {isa = PBXFileReference; fileEncoding = 30; lastKnownFileType = sourcecode.cpp.cpp; path = Main.cpp; sourceTree = "<group>"; };
		969AA8C109C6A76100BE21EF /* RecordingReporter.h */ = {isa = PBXFileReference; fileEncoding = 30; lastKnownFileType = sourcecode.c.h; path = RecordingReporter.h; sourceTree = "<group>"; };
		969AA8C209C6A76100BE21EF /* TestAssertHandler.cpp */ = {isa = PBXFileReference; fileEncoding = 30; lastKnownFileType = sourcecode.cpp.cpp; path = TestAssertHandler.cpp; sourceTree = "<group>"; };
		969AA8C309C6A76100BE21EF /* TestCheckMacros.cpp */ = {isa = PBXFileReference; fileEncoding = 30; lastKnownFileType = sourcecode.cpp.cpp; path = TestCheckMacros.cpp; sourceTree = "<group>"; };
		969AA8C409C6A76100BE21EF /* TestChecks.cpp */ = {isa = PBXFileReference; fileEncoding = 30; lastKnownFileType = sourcecode.cpp.cpp; path = TestChecks.cpp; sourceTree = "<group>"; };
		969AA8C509C6A76100BE21EF /* TestTest.cpp */ = {isa = PBXFileReference; fileEncoding = 30; lastKnownFileType = sourcecode.cpp.cpp; path = TestTest.cpp; sourceTree = "<group>"; };
		969AA8C609C6A76100BE21EF /* TestTestList.cpp */ = {isa = PBXFileReference; fileEncoding = 30; lastKnownFileType = sourcecode.cpp.cpp; path = TestTestList.cpp; sourceTree = "<group>"; };
		969AA8C709C6A76100BE21EF /* TestTestMacros.cpp */ = {isa = PBXFileReference; fileEncoding = 30; lastKnownFileType = sourcecode.cpp.cpp; path = TestTestMacros.cpp; sourceTree = "<group>"; };
		969AA8C809C6A76100BE21EF /* TestTestResults.cpp */ = {isa = PBXFileReference; fileEncoding = 30; lastKnownFileType = sourcecode.cpp.cpp; path = TestTestResults.cpp; sourceTree = "<group>"; };
		969AA8C909C6A76100BE21EF /* TestTestRunner.cpp */ = {isa = PBXFileReference; fileEncoding = 30; lastKnownFileType = sourcecode.cpp.cpp; path = TestTestRunner.cpp; sourceTree = "<group>"; };
		969AA8CA09C6A76100BE21EF /* TestUnitTestCpp.cpp */ = {isa = PBXFileReference; fileEncoding = 30; lastKnownFileType = sourcecode.cpp.cpp; path = TestUnitTestCpp.cpp; sourceTree = "<group>"; };
		969AA8CB09C6A76100BE21EF /* TimeHelpers.h */ = {isa = PBXFileReference; fileEncoding = 30; lastKnownFileType = sourcecode.c.h; name = TimeHelpers.h; path = src/TimeHelpers.h; sourceTree = "<group>"; };
		969AA8CC09C6A76100BE21EF /* UnitTest++.h */ = {isa = PBXFileReference; fileEncoding = 30; lastKnownFileType = sourcecode.c.h; name = "UnitTest++.h"; path = "src/UnitTest++.h"; sourceTree = "<group>"; };
		969AA8FE09C6A7BB00BE21EF /* TestUnitTest++ */ = {isa = PBXFileReference; explicitFileType = "compiled.mach-o.executable"; includeInIndex = 0; path = "TestUnitTest++"; sourceTree = BUILT_PRODUCTS_DIR; };
		969AA97309C6AB7300BE21EF /* TimeHelpers.cpp */ = {isa = PBXFileReference; fileEncoding = 30; lastKnownFileType = sourcecode.cpp.cpp; name = TimeHelpers.cpp; path = src/Posix/TimeHelpers.cpp; sourceTree = "<group>"; };
		969AA97409C6AB7300BE21EF /* TimeHelpers.h */ = {isa = PBXFileReference; fileEncoding = 30; lastKnownFileType = sourcecode.c.h; name = TimeHelpers.h; path = src/Posix/TimeHelpers.h; sourceTree = "<group>"; };
		969AA99609C6AC4C00BE21EF /* SignalTranslator.cpp */ = {isa = PBXFileReference; fileEncoding = 30; lastKnownFileType = sourcecode.cpp.cpp; name = SignalTranslator.cpp; path = src/Prosix/SignalTranslator.cpp; sourceTree = "<group>"; };
		969AA99709C6AC4C00BE21EF /* SignalTranslator.h */ = {isa = PBXFileReference; fileEncoding = 30; lastKnownFileType = sourcecode.c.h; name = SignalTranslator.h; path = src/Prosix/SignalTranslator.h; sourceTree = "<group>"; };
		D2AAC046055464E500DB518D /* libUnitTest++.a */ = {isa = PBXFileReference; explicitFileType = archive.ar; includeInIndex = 0; path = "libUnitTest++.a"; sourceTree = BUILT_PRODUCTS_DIR; };
/* End PBXFileReference section */

/* Begin PBXFrameworksBuildPhase section */
		965D8D5809CE6C580082316D /* Frameworks */ = {
			isa = PBXFrameworksBuildPhase;
			buildActionMask = 2147483647;
			files = (
			);
			runOnlyForDeploymentPostprocessing = 0;
		};
		969AA8FC09C6A7BB00BE21EF /* Frameworks */ = {
			isa = PBXFrameworksBuildPhase;
			buildActionMask = 2147483647;
			files = (
				969AA90B09C6A7E900BE21EF /* libUnitTest++.a in Frameworks */,
			);
			runOnlyForDeploymentPostprocessing = 0;
		};
		D289987405E68DCB004EDB86 /* Frameworks */ = {
			isa = PBXFrameworksBuildPhase;
			buildActionMask = 2147483647;
			files = (
			);
			runOnlyForDeploymentPostprocessing = 0;
		};
/* End PBXFrameworksBuildPhase section */

/* Begin PBXGroup section */
		08FB7794FE84155DC02AAC07 /* UnitTest++ */ = {
			isa = PBXGroup;
			children = (
				08FB7795FE84155DC02AAC07 /* Source */,
				969AA8BF09C6A76100BE21EF /* Tests */,
				C6A0FF2B0290797F04C91782 /* Documentation */,
				1AB674ADFE9D54B511CA2CBB /* Products */,
				965D8D5B09CE6C580082316D /* UnitTest++-Info.plist */,
			);
			name = "UnitTest++";
			sourceTree = "<group>";
		};
		08FB7795FE84155DC02AAC07 /* Source */ = {
			isa = PBXGroup;
			children = (
				969AA97209C6AB6400BE21EF /* Posix */,
				969AA8AA09C6A76100BE21EF /* AssertException.cpp */,
				969AA8AB09C6A76100BE21EF /* AssertException.h */,
				969AA8AC09C6A76100BE21EF /* BuildFailureString.h */,
				969AA8AD09C6A76100BE21EF /* CheckMacros.h */,
				969AA8AE09C6A76100BE21EF /* Checks.h */,
				969AA8AF09C6A76100BE21EF /* Config.h */,
				969AA8B009C6A76100BE21EF /* ReportAssert.cpp */,
				969AA8B109C6A76100BE21EF /* ReportAssert.h */,
				969AA8B209C6A76100BE21EF /* Test.cpp */,
				969AA8B309C6A76100BE21EF /* Test.h */,
				969AA8B409C6A76100BE21EF /* TestList.cpp */,
				969AA8B509C6A76100BE21EF /* TestList.h */,
				969AA8B609C6A76100BE21EF /* TestMacros.h */,
				969AA8B709C6A76100BE21EF /* TestReporter.cpp */,
				969AA8B809C6A76100BE21EF /* TestReporter.h */,
				969AA8B909C6A76100BE21EF /* TestReporterStdout.cpp */,
				969AA8BA09C6A76100BE21EF /* TestReporterStdout.h */,
				969AA8BB09C6A76100BE21EF /* TestResults.cpp */,
				969AA8BC09C6A76100BE21EF /* TestResults.h */,
				969AA8BD09C6A76100BE21EF /* TestRunner.cpp */,
				969AA8BE09C6A76100BE21EF /* TestRunner.h */,
				969AA8CB09C6A76100BE21EF /* TimeHelpers.h */,
				969AA8CC09C6A76100BE21EF /* UnitTest++.h */,
			);
			name = Source;
			sourceTree = "<group>";
		};
		1AB674ADFE9D54B511CA2CBB /* Products */ = {
			isa = PBXGroup;
			children = (
				D2AAC046055464E500DB518D /* libUnitTest++.a */,
				969AA8FE09C6A7BB00BE21EF /* TestUnitTest++ */,
				965D8D5A09CE6C580082316D /* UnitTest++.framework */,
			);
			name = Products;
			sourceTree = "<group>";
		};
		969AA8BF09C6A76100BE21EF /* Tests */ = {
			isa = PBXGroup;
			children = (
				969AA8C109C6A76100BE21EF /* RecordingReporter.h */,
				969AA8C009C6A76100BE21EF /* Main.cpp */,
				969AA8C209C6A76100BE21EF /* TestAssertHandler.cpp */,
				969AA8C309C6A76100BE21EF /* TestCheckMacros.cpp */,
				969AA8C409C6A76100BE21EF /* TestChecks.cpp */,
				969AA8C509C6A76100BE21EF /* TestTest.cpp */,
				969AA8C609C6A76100BE21EF /* TestTestList.cpp */,
				969AA8C709C6A76100BE21EF /* TestTestMacros.cpp */,
				969AA8C809C6A76100BE21EF /* TestTestResults.cpp */,
				969AA8C909C6A76100BE21EF /* TestTestRunner.cpp */,
				969AA8CA09C6A76100BE21EF /* TestUnitTestCpp.cpp */,
			);
			name = Tests;
			path = src/tests;
			sourceTree = "<group>";
		};
		969AA97209C6AB6400BE21EF /* Posix */ = {
			isa = PBXGroup;
			children = (
				969AA99609C6AC4C00BE21EF /* SignalTranslator.cpp */,
				969AA99709C6AC4C00BE21EF /* SignalTranslator.h */,
				969AA97309C6AB7300BE21EF /* TimeHelpers.cpp */,
				969AA97409C6AB7300BE21EF /* TimeHelpers.h */,
			);
			name = Posix;
			sourceTree = "<group>";
		};
		C6A0FF2B0290797F04C91782 /* Documentation */ = {
			isa = PBXGroup;
			children = (
			);
			name = Documentation;
			sourceTree = "<group>";
		};
/* End PBXGroup section */

/* Begin PBXHeadersBuildPhase section */
		965D8D5509CE6C580082316D /* Headers */ = {
			isa = PBXHeadersBuildPhase;
			buildActionMask = 2147483647;
			files = (
				965D8D6009CE6C740082316D /* SignalTranslator.h in Headers */,
				965D8D6209CE6C740082316D /* AssertException.h in Headers */,
				965D8D6309CE6C740082316D /* BuildFailureString.h in Headers */,
				965D8D6409CE6C740082316D /* CheckMacros.h in Headers */,
				965D8D6509CE6C740082316D /* Checks.h in Headers */,
				965D8D6609CE6C740082316D /* Config.h in Headers */,
				965D8D6709CE6C740082316D /* ReportAssert.h in Headers */,
				965D8D6809CE6C740082316D /* Test.h in Headers */,
				965D8D6909CE6C740082316D /* TestList.h in Headers */,
				965D8D6A09CE6C740082316D /* TestMacros.h in Headers */,
				965D8D6B09CE6C740082316D /* TestReporter.h in Headers */,
				965D8D6C09CE6C740082316D /* TestReporterStdout.h in Headers */,
				965D8D6D09CE6C740082316D /* TestResults.h in Headers */,
				965D8D6E09CE6C740082316D /* TestRunner.h in Headers */,
				965D8D6F09CE6C740082316D /* TimeHelpers.h in Headers */,
				965D8D7009CE6C740082316D /* UnitTest++.h in Headers */,
			);
			runOnlyForDeploymentPostprocessing = 0;
		};
		D2AAC043055464E500DB518D /* Headers */ = {
			isa = PBXHeadersBuildPhase;
			buildActionMask = 2147483647;
			files = (
				969AA8CE09C6A76200BE21EF /* AssertException.h in Headers */,
				969AA8CF09C6A76200BE21EF /* BuildFailureString.h in Headers */,
				969AA8D009C6A76200BE21EF /* CheckMacros.h in Headers */,
				969AA8D109C6A76200BE21EF /* Checks.h in Headers */,
				969AA8D209C6A76200BE21EF /* Config.h in Headers */,
				969AA8D409C6A76200BE21EF /* ReportAssert.h in Headers */,
				969AA8D609C6A76200BE21EF /* Test.h in Headers */,
				969AA8D809C6A76200BE21EF /* TestList.h in Headers */,
				969AA8D909C6A76200BE21EF /* TestMacros.h in Headers */,
				969AA8DB09C6A76200BE21EF /* TestReporter.h in Headers */,
				969AA8DD09C6A76200BE21EF /* TestReporterStdout.h in Headers */,
				969AA8DF09C6A76200BE21EF /* TestResults.h in Headers */,
				969AA8E109C6A76200BE21EF /* TestRunner.h in Headers */,
				969AA8E309C6A76200BE21EF /* RecordingReporter.h in Headers */,
				969AA8ED09C6A76200BE21EF /* TimeHelpers.h in Headers */,
				969AA8EE09C6A76200BE21EF /* UnitTest++.h in Headers */,
				969AA97609C6AB7300BE21EF /* TimeHelpers.h in Headers */,
				969AA99909C6AC4C00BE21EF /* SignalTranslator.h in Headers */,
			);
			runOnlyForDeploymentPostprocessing = 0;
		};
/* End PBXHeadersBuildPhase section */

/* Begin PBXNativeTarget section */
		965D8D5909CE6C580082316D /* UnitTest++ */ = {
			isa = PBXNativeTarget;
			buildConfigurationList = 965D8D5C09CE6C580082316D /* Build configuration list for PBXNativeTarget "UnitTest++" */;
			buildPhases = (
				965D8D5509CE6C580082316D /* Headers */,
				965D8D5609CE6C580082316D /* Resources */,
				965D8D5709CE6C580082316D /* Sources */,
				965D8D5809CE6C580082316D /* Frameworks */,
			);
			buildRules = (
			);
			buildSettings = {
				DYLIB_COMPATIBILITY_VERSION = 1;
				DYLIB_CURRENT_VERSION = 1;
				FRAMEWORK_VERSION = A;
				GCC_ENABLE_FIX_AND_CONTINUE = YES;
				GCC_MODEL_TUNING = G5;
				GCC_PRECOMPILE_PREFIX_HEADER = YES;
				GCC_PREFIX_HEADER = "$(SYSTEM_LIBRARY_DIR)/Frameworks/Carbon.framework/Headers/Carbon.h";
				INFOPLIST_FILE = "UnitTest++-Info.plist";
				INSTALL_PATH = "$(HOME)/Library/Frameworks";
				OTHER_LDFLAGS = (
					"-framework",
					Carbon,
				);
				PREBINDING = NO;
				PRODUCT_NAME = "UnitTest++";
				ZERO_LINK = YES;
			};
			dependencies = (
			);
			name = "UnitTest++";
			productName = "UnitTest++";
			productReference = 965D8D5A09CE6C580082316D /* UnitTest++.framework */;
			productSettingsXML = "<?xml version=\"1.0\" encoding=\"UTF-8\"?>
<!DOCTYPE plist PUBLIC \"-//Apple Computer//DTD PLIST 1.0//EN\" \"http://www.apple.com/DTDs/PropertyList-1.0.dtd\">
<plist version=\"1.0\">
<dict>
	<key>CFBundleDevelopmentRegion</key>
	<string>English</string>
	<key>CFBundleExecutable</key>
	<string>${EXECUTABLE_NAME}</string>
	<key>CFBundleIdentifier</key>
	<string>com.yourcompany.UnitTest++</string>
	<key>CFBundleInfoDictionaryVersion</key>
	<string>6.0</string>
	<key>CFBundlePackageType</key>
	<string>FMWK</string>
	<key>CFBundleSignature</key>
	<string>????</string>
	<key>CFBundleVersion</key>
	<string>1.0</string>
</dict>
</plist>
";
			productType = "com.apple.product-type.framework";
		};
		969AA8FD09C6A7BB00BE21EF /* TestUnitTest++ */ = {
			isa = PBXNativeTarget;
			buildConfigurationList = 969AA90C09C6A7EE00BE21EF /* Build configuration list for PBXNativeTarget "TestUnitTest++" */;
			buildPhases = (
				969AA8FB09C6A7BB00BE21EF /* Sources */,
				969AA8FC09C6A7BB00BE21EF /* Frameworks */,
				969AA92D09C6A8F700BE21EF /* ShellScript */,
			);
			buildRules = (
			);
			buildSettings = {
				GCC_GENERATE_DEBUGGING_SYMBOLS = NO;
				GCC_MODEL_TUNING = G5;
				INSTALL_PATH = "$(HOME)/bin";
				OPTIMIZATION_CFLAGS = "";
				OTHER_CFLAGS = "";
				OTHER_LDFLAGS = "";
				OTHER_REZFLAGS = "";
				PREBINDING = NO;
				PRODUCT_NAME = "TestUnitTest++";
				SECTORDER_FLAGS = "";
				WARNING_CFLAGS = (
					"-Wmost",
					"-Wno-four-char-constants",
					"-Wno-unknown-pragmas",
				);
			};
			dependencies = (
				969AA94F09C6A9EF00BE21EF /* PBXTargetDependency */,
			);
			name = "TestUnitTest++";
			productName = "TestUnitTest++";
			productReference = 969AA8FE09C6A7BB00BE21EF /* TestUnitTest++ */;
			productType = "com.apple.product-type.tool";
		};
		D2AAC045055464E500DB518D /* UnitTest */ = {
			isa = PBXNativeTarget;
			buildConfigurationList = 969AA8EF09C6A76200BE21EF /* Build configuration list for PBXNativeTarget "UnitTest" */;
			buildPhases = (
				D2AAC043055464E500DB518D /* Headers */,
				D2AAC044055464E500DB518D /* Sources */,
				D289987405E68DCB004EDB86 /* Frameworks */,
			);
			buildRules = (
			);
			buildSettings = {
				GCC_GENERATE_DEBUGGING_SYMBOLS = NO;
				GCC_MODEL_TUNING = G5;
				GCC_WARN_ABOUT_RETURN_TYPE = YES;
				GCC_WARN_UNUSED_VARIABLE = YES;
				INSTALL_PATH = /usr/local/lib;
				LIBRARY_STYLE = STATIC;
				PREBINDING = NO;
				PRODUCT_NAME = "UnitTest++";
			};
			dependencies = (
			);
			name = UnitTest;
			productName = "UnitTest++";
			productReference = D2AAC046055464E500DB518D /* libUnitTest++.a */;
			productType = "com.apple.product-type.library.static";
		};
/* End PBXNativeTarget section */

/* Begin PBXProject section */
		08FB7793FE84155DC02AAC07 /* Project object */ = {
			isa = PBXProject;
			buildConfigurationList = 969AA8F309C6A76200BE21EF /* Build configuration list for PBXProject "UnitTest++" */;
			buildSettings = {
			};
			buildStyles = (
				014CEA520018CE5811CA2923 /* Debug */,
				014CEA530018CE5811CA2923 /* Release */,
			);
			hasScannedForEncodings = 1;
			mainGroup = 08FB7794FE84155DC02AAC07 /* UnitTest++ */;
			projectDirPath = "";
			targets = (
				D2AAC045055464E500DB518D /* UnitTest */,
				969AA8FD09C6A7BB00BE21EF /* TestUnitTest++ */,
				965D8D5909CE6C580082316D /* UnitTest++ */,
			);
		};
/* End PBXProject section */

/* Begin PBXResourcesBuildPhase section */
		965D8D5609CE6C580082316D /* Resources */ = {
			isa = PBXResourcesBuildPhase;
			buildActionMask = 2147483647;
			files = (
			);
			runOnlyForDeploymentPostprocessing = 0;
		};
/* End PBXResourcesBuildPhase section */

/* Begin PBXShellScriptBuildPhase section */
		969AA92D09C6A8F700BE21EF /* ShellScript */ = {
			isa = PBXShellScriptBuildPhase;
			buildActionMask = 2147483647;
			files = (
			);
			inputPaths = (
			);
			outputPaths = (
			);
			runOnlyForDeploymentPostprocessing = 0;
			shellPath = /bin/sh;
			shellScript = $BUILT_PRODUCTS_DIR/$EXECUTABLE_NAME;
		};
/* End PBXShellScriptBuildPhase section */

/* Begin PBXSourcesBuildPhase section */
		965D8D5709CE6C580082316D /* Sources */ = {
			isa = PBXSourcesBuildPhase;
			buildActionMask = 2147483647;
			files = (
				965D8D7109CE6C8A0082316D /* SignalTranslator.cpp in Sources */,
				965D8D7209CE6C8A0082316D /* TimeHelpers.cpp in Sources */,
				965D8D7309CE6C8A0082316D /* AssertException.cpp in Sources */,
				965D8D7409CE6C8A0082316D /* ReportAssert.cpp in Sources */,
				965D8D7509CE6C8A0082316D /* Test.cpp in Sources */,
				965D8D7609CE6C8A0082316D /* TestList.cpp in Sources */,
				965D8D7709CE6C8A0082316D /* TestReporter.cpp in Sources */,
				965D8D7809CE6C8A0082316D /* TestReporterStdout.cpp in Sources */,
				965D8D7909CE6C8A0082316D /* TestResults.cpp in Sources */,
				965D8D7A09CE6C8A0082316D /* TestRunner.cpp in Sources */,
			);
			runOnlyForDeploymentPostprocessing = 0;
		};
		969AA8FB09C6A7BB00BE21EF /* Sources */ = {
			isa = PBXSourcesBuildPhase;
			buildActionMask = 2147483647;
			files = (
				969AA90009C6A7CA00BE21EF /* Main.cpp in Sources */,
				969AA90209C6A7CA00BE21EF /* TestAssertHandler.cpp in Sources */,
				969AA90309C6A7CA00BE21EF /* TestCheckMacros.cpp in Sources */,
				969AA90409C6A7CA00BE21EF /* TestChecks.cpp in Sources */,
				969AA90509C6A7CA00BE21EF /* TestTest.cpp in Sources */,
				969AA90609C6A7CA00BE21EF /* TestTestList.cpp in Sources */,
				969AA90709C6A7CA00BE21EF /* TestTestMacros.cpp in Sources */,
				969AA90809C6A7CA00BE21EF /* TestTestResults.cpp in Sources */,
				969AA90909C6A7CA00BE21EF /* TestTestRunner.cpp in Sources */,
				969AA90A09C6A7CA00BE21EF /* TestUnitTestCpp.cpp in Sources */,
			);
			runOnlyForDeploymentPostprocessing = 0;
		};
		D2AAC044055464E500DB518D /* Sources */ = {
			isa = PBXSourcesBuildPhase;
			buildActionMask = 2147483647;
			files = (
				969AA8CD09C6A76200BE21EF /* AssertException.cpp in Sources */,
				969AA8D309C6A76200BE21EF /* ReportAssert.cpp in Sources */,
				969AA8D509C6A76200BE21EF /* Test.cpp in Sources */,
				969AA8D709C6A76200BE21EF /* TestList.cpp in Sources */,
				969AA8DA09C6A76200BE21EF /* TestReporter.cpp in Sources */,
				969AA8DC09C6A76200BE21EF /* TestReporterStdout.cpp in Sources */,
				969AA8DE09C6A76200BE21EF /* TestResults.cpp in Sources */,
				969AA8E009C6A76200BE21EF /* TestRunner.cpp in Sources */,
				969AA97509C6AB7300BE21EF /* TimeHelpers.cpp in Sources */,
				969AA99809C6AC4C00BE21EF /* SignalTranslator.cpp in Sources */,
			);
			runOnlyForDeploymentPostprocessing = 0;
		};
/* End PBXSourcesBuildPhase section */

/* Begin PBXTargetDependency section */
		969AA94F09C6A9EF00BE21EF /* PBXTargetDependency */ = {
			isa = PBXTargetDependency;
			target = D2AAC045055464E500DB518D /* UnitTest */;
			targetProxy = 969AA94E09C6A9EF00BE21EF /* PBXContainerItemProxy */;
		};
/* End PBXTargetDependency section */

/* Begin XCBuildConfiguration section */
		965D8D5D09CE6C580082316D /* Debug */ = {
			isa = XCBuildConfiguration;
			buildSettings = {
				COPY_PHASE_STRIP = NO;
				DYLIB_COMPATIBILITY_VERSION = 1;
				DYLIB_CURRENT_VERSION = 1;
				FRAMEWORK_VERSION = A;
				GCC_DYNAMIC_NO_PIC = NO;
				GCC_ENABLE_FIX_AND_CONTINUE = YES;
				GCC_GENERATE_DEBUGGING_SYMBOLS = YES;
				GCC_MODEL_TUNING = G5;
				GCC_OPTIMIZATION_LEVEL = 0;
				GCC_PRECOMPILE_PREFIX_HEADER = YES;
				GCC_PREFIX_HEADER = "$(SYSTEM_LIBRARY_DIR)/Frameworks/Carbon.framework/Headers/Carbon.h";
				INFOPLIST_FILE = "UnitTest++-Info.plist";
				INSTALL_PATH = "$(HOME)/Library/Frameworks";
				OTHER_LDFLAGS = (
					"-framework",
					Carbon,
				);
				PREBINDING = NO;
				PRODUCT_NAME = "UnitTest++";
				ZERO_LINK = YES;
			};
			name = Debug;
		};
		965D8D5E09CE6C580082316D /* Release */ = {
			isa = XCBuildConfiguration;
			buildSettings = {
				COPY_PHASE_STRIP = YES;
				DYLIB_COMPATIBILITY_VERSION = 1;
				DYLIB_CURRENT_VERSION = 1;
				FRAMEWORK_VERSION = A;
				GCC_ENABLE_FIX_AND_CONTINUE = NO;
				GCC_GENERATE_DEBUGGING_SYMBOLS = NO;
				GCC_MODEL_TUNING = G5;
				GCC_PRECOMPILE_PREFIX_HEADER = YES;
				GCC_PREFIX_HEADER = "$(SYSTEM_LIBRARY_DIR)/Frameworks/Carbon.framework/Headers/Carbon.h";
				INFOPLIST_FILE = "UnitTest++-Info.plist";
				INSTALL_PATH = "$(HOME)/Library/Frameworks";
				OTHER_LDFLAGS = (
					"-framework",
					Carbon,
				);
				PREBINDING = NO;
				PRODUCT_NAME = "UnitTest++";
				ZERO_LINK = NO;
			};
			name = Release;
		};
		965D8D5F09CE6C580082316D /* Default */ = {
			isa = XCBuildConfiguration;
			buildSettings = {
				DYLIB_COMPATIBILITY_VERSION = 1;
				DYLIB_CURRENT_VERSION = 1;
				FRAMEWORK_VERSION = A;
				GCC_ENABLE_FIX_AND_CONTINUE = YES;
				GCC_MODEL_TUNING = G5;
				GCC_PRECOMPILE_PREFIX_HEADER = YES;
				GCC_PREFIX_HEADER = "$(SYSTEM_LIBRARY_DIR)/Frameworks/Carbon.framework/Headers/Carbon.h";
				INFOPLIST_FILE = "UnitTest++-Info.plist";
				INSTALL_PATH = "$(HOME)/Library/Frameworks";
				OTHER_LDFLAGS = (
					"-framework",
					Carbon,
				);
				PREBINDING = NO;
				PRODUCT_NAME = "UnitTest++";
				ZERO_LINK = YES;
			};
			name = Default;
		};
		969AA8F009C6A76200BE21EF /* Debug */ = {
			isa = XCBuildConfiguration;
			buildSettings = {
				COPY_PHASE_STRIP = NO;
				GCC_DYNAMIC_NO_PIC = NO;
				GCC_ENABLE_FIX_AND_CONTINUE = YES;
				GCC_GENERATE_DEBUGGING_SYMBOLS = YES;
				GCC_MODEL_TUNING = G5;
				GCC_OPTIMIZATION_LEVEL = 0;
				GCC_WARN_ABOUT_RETURN_TYPE = YES;
				GCC_WARN_UNUSED_VARIABLE = YES;
				INSTALL_PATH = /usr/local/lib;
				LIBRARY_STYLE = STATIC;
				PREBINDING = NO;
				PRODUCT_NAME = "UnitTest++";
				ZERO_LINK = YES;
			};
			name = Debug;
		};
		969AA8F109C6A76200BE21EF /* Release */ = {
			isa = XCBuildConfiguration;
			buildSettings = {
				COPY_PHASE_STRIP = YES;
				GCC_ENABLE_FIX_AND_CONTINUE = NO;
				GCC_GENERATE_DEBUGGING_SYMBOLS = NO;
				GCC_MODEL_TUNING = G5;
				GCC_WARN_ABOUT_RETURN_TYPE = YES;
				GCC_WARN_UNUSED_VARIABLE = YES;
				INSTALL_PATH = /usr/local/lib;
				LIBRARY_STYLE = STATIC;
				PREBINDING = NO;
				PRODUCT_NAME = "UnitTest++";
				ZERO_LINK = NO;
			};
			name = Release;
		};
		969AA8F209C6A76200BE21EF /* Default */ = {
			isa = XCBuildConfiguration;
			buildSettings = {
				GCC_GENERATE_DEBUGGING_SYMBOLS = NO;
				GCC_MODEL_TUNING = G5;
				GCC_WARN_ABOUT_RETURN_TYPE = YES;
				GCC_WARN_UNUSED_VARIABLE = YES;
				INSTALL_PATH = /usr/local/lib;
				LIBRARY_STYLE = STATIC;
				PREBINDING = NO;
				PRODUCT_NAME = "UnitTest++";
			};
			name = Default;
		};
		969AA8F409C6A76200BE21EF /* Debug */ = {
			isa = XCBuildConfiguration;
			buildSettings = {
				ARCHS = (
					ppc,
					i386,
				);
			};
			name = Debug;
		};
		969AA8F509C6A76200BE21EF /* Release */ = {
			isa = XCBuildConfiguration;
			buildSettings = {
				ARCHS = (
					ppc,
					i386,
				);
			};
			name = Release;
		};
		969AA8F609C6A76200BE21EF /* Default */ = {
			isa = XCBuildConfiguration;
			buildSettings = {
				ARCHS = (
					ppc,
					i386,
				);
			};
			name = Default;
		};
		969AA90D09C6A7EE00BE21EF /* Debug */ = {
			isa = XCBuildConfiguration;
			buildSettings = {
				ARCHS = "$(NATIVE_ARCH)";
				COPY_PHASE_STRIP = NO;
				GCC_GENERATE_DEBUGGING_SYMBOLS = YES;
				GCC_MODEL_TUNING = G5;
				INSTALL_PATH = "$(HOME)/bin";
				OPTIMIZATION_CFLAGS = "-O0";
				OTHER_CFLAGS = "";
				OTHER_LDFLAGS = "";
				OTHER_REZFLAGS = "";
				PREBINDING = NO;
				PRODUCT_NAME = "TestUnitTest++";
				SECTORDER_FLAGS = "";
				WARNING_CFLAGS = (
					"-Wmost",
					"-Wno-four-char-constants",
					"-Wno-unknown-pragmas",
				);
			};
			name = Debug;
		};
		969AA90E09C6A7EE00BE21EF /* Release */ = {
			isa = XCBuildConfiguration;
			buildSettings = {
				ARCHS = "$(NATIVE_ARCH)";
				COPY_PHASE_STRIP = YES;
				GCC_GENERATE_DEBUGGING_SYMBOLS = NO;
				GCC_MODEL_TUNING = G5;
				INSTALL_PATH = "$(HOME)/bin";
				OPTIMIZATION_CFLAGS = "-O0";
				OTHER_CFLAGS = "";
				OTHER_LDFLAGS = "";
				OTHER_REZFLAGS = "";
				PREBINDING = NO;
				PRODUCT_NAME = "TestUnitTest++";
				SECTORDER_FLAGS = "";
				WARNING_CFLAGS = (
					"-Wmost",
					"-Wno-four-char-constants",
					"-Wno-unknown-pragmas",
				);
			};
			name = Release;
		};
		969AA90F09C6A7EE00BE21EF /* Default */ = {
			isa = XCBuildConfiguration;
			buildSettings = {
				ARCHS = "$(NATIVE_ARCH)";
				GCC_GENERATE_DEBUGGING_SYMBOLS = NO;
				GCC_MODEL_TUNING = G5;
				INSTALL_PATH = "$(HOME)/bin";
				OPTIMIZATION_CFLAGS = "-O0";
				OTHER_CFLAGS = "";
				OTHER_LDFLAGS = "";
				OTHER_REZFLAGS = "";
				PREBINDING = NO;
				PRODUCT_NAME = "TestUnitTest++";
				SECTORDER_FLAGS = "";
				WARNING_CFLAGS = (
					"-Wmost",
					"-Wno-four-char-constants",
					"-Wno-unknown-pragmas",
				);
			};
			name = Default;
		};
/* End XCBuildConfiguration section */

/* Begin XCConfigurationList section */
		965D8D5C09CE6C580082316D /* Build configuration list for PBXNativeTarget "UnitTest++" */ = {
			isa = XCConfigurationList;
			buildConfigurations = (
				965D8D5D09CE6C580082316D /* Debug */,
				965D8D5E09CE6C580082316D /* Release */,
				965D8D5F09CE6C580082316D /* Default */,
			);
			defaultConfigurationIsVisible = 0;
			defaultConfigurationName = Default;
		};
		969AA8EF09C6A76200BE21EF /* Build configuration list for PBXNativeTarget "UnitTest" */ = {
			isa = XCConfigurationList;
			buildConfigurations = (
				969AA8F009C6A76200BE21EF /* Debug */,
				969AA8F109C6A76200BE21EF /* Release */,
				969AA8F209C6A76200BE21EF /* Default */,
			);
			defaultConfigurationIsVisible = 0;
			defaultConfigurationName = Default;
		};
		969AA8F309C6A76200BE21EF /* Build configuration list for PBXProject "UnitTest++" */ = {
			isa = XCConfigurationList;
			buildConfigurations = (
				969AA8F409C6A76200BE21EF /* Debug */,
				969AA8F509C6A76200BE21EF /* Release */,
				969AA8F609C6A76200BE21EF /* Default */,
			);
			defaultConfigurationIsVisible = 0;
			defaultConfigurationName = Default;
		};
		969AA90C09C6A7EE00BE21EF /* Build configuration list for PBXNativeTarget "TestUnitTest++" */ = {
			isa = XCConfigurationList;
			buildConfigurations = (
				969AA90D09C6A7EE00BE21EF /* Debug */,
				969AA90E09C6A7EE00BE21EF /* Release */,
				969AA90F09C6A7EE00BE21EF /* Default */,
			);
			defaultConfigurationIsVisible = 0;
			defaultConfigurationName = Default;
		};
/* End XCConfigurationList section */
	};
	rootObject = 08FB7793FE84155DC02AAC07 /* Project object */;
}
